
Microsoft Visual Studio Solution File, Format Version 12.00
# Visual Studio Version 16
VisualStudioVersion = 16.0.31729.503
MinimumVisualStudioVersion = 10.0.40219.1
Project("{2150E333-8FDC-42A3-9474-1A3956D46DE8}") = "Api", "Api", "{5DC5D3D2-F761-47AE-B286-71DC4678170A}"
EndProject
Project("{2150E333-8FDC-42A3-9474-1A3956D46DE8}") = "Framework", "Framework", "{E03C1812-E5E8-4494-B288-9FC6833B96DC}"
EndProject
Project("{9A19103F-16F7-4668-BE54-9A1E7A4F7556}") = "Jwt", "Jwt\Jwt.csproj", "{16D1ADD0-DE8C-4CF1-B982-9F920E91A6ED}"
EndProject
Project("{2150E333-8FDC-42A3-9474-1A3956D46DE8}") = "Domain", "Domain", "{C7D9FFB6-43FA-4A7B-95D9-E47DAD6DED78}"
EndProject
Project("{2150E333-8FDC-42A3-9474-1A3956D46DE8}") = "Infrastructure", "Infrastructure", "{6B5D98C9-63DE-40F4-9365-A585E87EDF8F}"
EndProject
Project("{9A19103F-16F7-4668-BE54-9A1E7A4F7556}") = "Persistence", "Persistence\Persistence.csproj", "{3FF478DF-1000-488A-BC20-FBE3FB00B4A7}"
EndProject
Project("{9A19103F-16F7-4668-BE54-9A1E7A4F7556}") = "ViewModels", "ViewModels\ViewModels.csproj", "{60C5A02E-8B5F-4111-AA7E-2B76305359CB}"
EndProject
Project("{9A19103F-16F7-4668-BE54-9A1E7A4F7556}") = "Models", "Models\Models.csproj", "{7FCABC87-6A39-4B2E-A713-12B5DDA722BC}"
EndProject
Project("{2150E333-8FDC-42A3-9474-1A3956D46DE8}") = "Resources", "Resources", "{BFA1A460-BF84-4772-B1F8-05C21FD02FA1}"
EndProject
Project("{9A19103F-16F7-4668-BE54-9A1E7A4F7556}") = "Resources", "Resources\Resources.csproj", "{F5649689-BC14-48DD-8E06-3435E24E3AFA}"
EndProject
Project("{2150E333-8FDC-42A3-9474-1A3956D46DE8}") = "Core", "Core", "{1796F7FF-98D2-4591-8DA0-0ECBBAA71425}"
EndProject
Project("{9A19103F-16F7-4668-BE54-9A1E7A4F7556}") = "Core", "Core\Core.csproj", "{8F906770-F19E-4740-A8FF-F93DF5871ED3}"
EndProject
Project("{FAE04EC0-301F-11D3-BF4B-00C04F79EFBC}") = "Api", "Api\Api.csproj", "{F282AB70-964D-46C4-B6EE-8B6F4D52CA6D}"
EndProject
Global
	GlobalSection(SolutionConfigurationPlatforms) = preSolution
		Debug|Any CPU = Debug|Any CPU
		Release|Any CPU = Release|Any CPU
	EndGlobalSection
	GlobalSection(ProjectConfigurationPlatforms) = postSolution
		{16D1ADD0-DE8C-4CF1-B982-9F920E91A6ED}.Debug|Any CPU.ActiveCfg = Debug|Any CPU
		{16D1ADD0-DE8C-4CF1-B982-9F920E91A6ED}.Debug|Any CPU.Build.0 = Debug|Any CPU
		{16D1ADD0-DE8C-4CF1-B982-9F920E91A6ED}.Release|Any CPU.ActiveCfg = Release|Any CPU
		{16D1ADD0-DE8C-4CF1-B982-9F920E91A6ED}.Release|Any CPU.Build.0 = Release|Any CPU
		{3FF478DF-1000-488A-BC20-FBE3FB00B4A7}.Debug|Any CPU.ActiveCfg = Debug|Any CPU
		{3FF478DF-1000-488A-BC20-FBE3FB00B4A7}.Debug|Any CPU.Build.0 = Debug|Any CPU
		{3FF478DF-1000-488A-BC20-FBE3FB00B4A7}.Release|Any CPU.ActiveCfg = Release|Any CPU
		{3FF478DF-1000-488A-BC20-FBE3FB00B4A7}.Release|Any CPU.Build.0 = Release|Any CPU
		{60C5A02E-8B5F-4111-AA7E-2B76305359CB}.Debug|Any CPU.ActiveCfg = Debug|Any CPU
		{60C5A02E-8B5F-4111-AA7E-2B76305359CB}.Debug|Any CPU.Build.0 = Debug|Any CPU
		{60C5A02E-8B5F-4111-AA7E-2B76305359CB}.Release|Any CPU.ActiveCfg = Release|Any CPU
		{60C5A02E-8B5F-4111-AA7E-2B76305359CB}.Release|Any CPU.Build.0 = Release|Any CPU
		{7FCABC87-6A39-4B2E-A713-12B5DDA722BC}.Debug|Any CPU.ActiveCfg = Debug|Any CPU
		{7FCABC87-6A39-4B2E-A713-12B5DDA722BC}.Debug|Any CPU.Build.0 = Debug|Any CPU
		{7FCABC87-6A39-4B2E-A713-12B5DDA722BC}.Release|Any CPU.ActiveCfg = Release|Any CPU
		{7FCABC87-6A39-4B2E-A713-12B5DDA722BC}.Release|Any CPU.Build.0 = Release|Any CPU
		{F5649689-BC14-48DD-8E06-3435E24E3AFA}.Debug|Any CPU.ActiveCfg = Debug|Any CPU
		{F5649689-BC14-48DD-8E06-3435E24E3AFA}.Debug|Any CPU.Build.0 = Debug|Any CPU
		{F5649689-BC14-48DD-8E06-3435E24E3AFA}.Release|Any CPU.ActiveCfg = Release|Any CPU
		{F5649689-BC14-48DD-8E06-3435E24E3AFA}.Release|Any CPU.Build.0 = Release|Any CPU
		{8F906770-F19E-4740-A8FF-F93DF5871ED3}.Debug|Any CPU.ActiveCfg = Debug|Any CPU
		{8F906770-F19E-4740-A8FF-F93DF5871ED3}.Debug|Any CPU.Build.0 = Debug|Any CPU
		{8F906770-F19E-4740-A8FF-F93DF5871ED3}.Release|Any CPU.ActiveCfg = Release|Any CPU
		{8F906770-F19E-4740-A8FF-F93DF5871ED3}.Release|Any CPU.Build.0 = Release|Any CPU
		{F282AB70-964D-46C4-B6EE-8B6F4D52CA6D}.Debug|Any CPU.ActiveCfg = Debug|Any CPU
		{F282AB70-964D-46C4-B6EE-8B6F4D52CA6D}.Debug|Any CPU.Build.0 = Debug|Any CPU
		{F282AB70-964D-46C4-B6EE-8B6F4D52CA6D}.Release|Any CPU.ActiveCfg = Release|Any CPU
		{F282AB70-964D-46C4-B6EE-8B6F4D52CA6D}.Release|Any CPU.Build.0 = Release|Any CPU
	EndGlobalSection
	GlobalSection(SolutionProperties) = preSolution
		HideSolutionNode = FALSE
	EndGlobalSection
	GlobalSection(NestedProjects) = preSolution
		{16D1ADD0-DE8C-4CF1-B982-9F920E91A6ED} = {E03C1812-E5E8-4494-B288-9FC6833B96DC}
		{3FF478DF-1000-488A-BC20-FBE3FB00B4A7} = {6B5D98C9-63DE-40F4-9365-A585E87EDF8F}
		{60C5A02E-8B5F-4111-AA7E-2B76305359CB} = {6B5D98C9-63DE-40F4-9365-A585E87EDF8F}
		{7FCABC87-6A39-4B2E-A713-12B5DDA722BC} = {C7D9FFB6-43FA-4A7B-95D9-E47DAD6DED78}
		{F5649689-BC14-48DD-8E06-3435E24E3AFA} = {BFA1A460-BF84-4772-B1F8-05C21FD02FA1}
		{8F906770-F19E-4740-A8FF-F93DF5871ED3} = {1796F7FF-98D2-4591-8DA0-0ECBBAA71425}
		{F282AB70-964D-46C4-B6EE-8B6F4D52CA6D} = {5DC5D3D2-F761-47AE-B286-71DC4678170A}
	EndGlobalSection
	GlobalSection(ExtensibilityGlobals) = postSolution
		SolutionGuid = {0D9DC58A-6A69-4DEE-9F22-5F9C38517993}
	EndGlobalSection
EndGlobal
